
Microsoft Visual Studio Solution File, Format Version 12.00
# Visual Studio Version 16
VisualStudioVersion = 16.0.30611.23
MinimumVisualStudioVersion = 10.0.40219.1
Project("{9A19103F-16F7-4668-BE54-9A1E7A4F7556}") = "ApiTestRefreshTokens", "ApiTestRefreshTokens\ApiTestRefreshTokens.csproj", "{8ECCD4B3-93DE-495B-B774-D656E16BD76F}"
EndProject
Project("{FAE04EC0-301F-11D3-BF4B-00C04F79EFBC}") = "ApiTestRefreshTokens2", "ApiTestRefreshTokens2\ApiTestRefreshTokens2.csproj", "{B64903E3-7EE1-4384-9ABC-1A76F409F9A1}"
EndProject
Global
	GlobalSection(SolutionConfigurationPlatforms) = preSolution
		Debug|Any CPU = Debug|Any CPU
		Release|Any CPU = Release|Any CPU
	EndGlobalSection
	GlobalSection(ProjectConfigurationPlatforms) = postSolution
		{8ECCD4B3-93DE-495B-B774-D656E16BD76F}.Debug|Any CPU.ActiveCfg = Debug|Any CPU
		{8ECCD4B3-93DE-495B-B774-D656E16BD76F}.Debug|Any CPU.Build.0 = Debug|Any CPU
		{8ECCD4B3-93DE-495B-B774-D656E16BD76F}.Release|Any CPU.ActiveCfg = Release|Any CPU
		{8ECCD4B3-93DE-495B-B774-D656E16BD76F}.Release|Any CPU.Build.0 = Release|Any CPU
		{B64903E3-7EE1-4384-9ABC-1A76F409F9A1}.Debug|Any CPU.ActiveCfg = Debug|Any CPU
		{B64903E3-7EE1-4384-9ABC-1A76F409F9A1}.Debug|Any CPU.Build.0 = Debug|Any CPU
		{B64903E3-7EE1-4384-9ABC-1A76F409F9A1}.Release|Any CPU.ActiveCfg = Release|Any CPU
		{B64903E3-7EE1-4384-9ABC-1A76F409F9A1}.Release|Any CPU.Build.0 = Release|Any CPU
	EndGlobalSection
	GlobalSection(SolutionProperties) = preSolution
		HideSolutionNode = FALSE
	EndGlobalSection
	GlobalSection(ExtensibilityGlobals) = postSolution
		SolutionGuid = {B1ED4072-1D9F-4EE9-B559-71FB6C648CAE}
	EndGlobalSection
EndGlobal
